
Microsoft Visual Studio Solution File, Format Version 12.00
# Visual Studio Version 17
VisualStudioVersion = 17.14.36414.22 d17.14
MinimumVisualStudioVersion = 10.0.40219.1
Project("{FAE04EC0-301F-11D3-BF4B-00C04F79EFBC}") = "GD13_1333_Lab3_Tyrone", "GD13_1333_Lab3_Tyrone.csproj", "{C50141C6-A565-4C4A-BAF9-109AC4A077CA}"
EndProject
Global
	GlobalSection(SolutionConfigurationPlatforms) = preSolution
		Debug|Any CPU = Debug|Any CPU
		Release|Any CPU = Release|Any CPU
	EndGlobalSection
	GlobalSection(ProjectConfigurationPlatforms) = postSolution
		{C50141C6-A565-4C4A-BAF9-109AC4A077CA}.Debug|Any CPU.ActiveCfg = Debug|Any CPU
		{C50141C6-A565-4C4A-BAF9-109AC4A077CA}.Debug|Any CPU.Build.0 = Debug|Any CPU
		{C50141C6-A565-4C4A-BAF9-109AC4A077CA}.Release|Any CPU.ActiveCfg = Release|Any CPU
		{C50141C6-A565-4C4A-BAF9-109AC4A077CA}.Release|Any CPU.Build.0 = Release|Any CPU
	EndGlobalSection
	GlobalSection(SolutionProperties) = preSolution
		HideSolutionNode = FALSE
	EndGlobalSection
	GlobalSection(ExtensibilityGlobals) = postSolution
		SolutionGuid = {082A1D96-9CBD-49EA-8E6D-AEB2091F8F9E}
	EndGlobalSection
EndGlobal
